
Microsoft Visual Studio Solution File, Format Version 11.00
# Visual C# Express 2010
Project("{FAE04EC0-301F-11D3-BF4B-00C04F79EFBC}") = "chapter 1", "chapter 1\chapter 1.csproj", "{628CE726-760E-4B55-88BB-B3319D863832}"
EndProject
Project("{FAE04EC0-301F-11D3-BF4B-00C04F79EFBC}") = "Name.cs", "Name.cs\Name.cs.csproj", "{7BB44F5B-BD22-4B59-A895-4705EFADDED7}"
EndProject
Global
	GlobalSection(SolutionConfigurationPlatforms) = preSolution
		Debug|x86 = Debug|x86
		Release|x86 = Release|x86
	EndGlobalSection
	GlobalSection(ProjectConfigurationPlatforms) = postSolution
		{628CE726-760E-4B55-88BB-B3319D863832}.Debug|x86.ActiveCfg = Debug|x86
		{628CE726-760E-4B55-88BB-B3319D863832}.Debug|x86.Build.0 = Debug|x86
		{628CE726-760E-4B55-88BB-B3319D863832}.Release|x86.ActiveCfg = Release|x86
		{628CE726-760E-4B55-88BB-B3319D863832}.Release|x86.Build.0 = Release|x86
		{7BB44F5B-BD22-4B59-A895-4705EFADDED7}.Debug|x86.ActiveCfg = Debug|x86
		{7BB44F5B-BD22-4B59-A895-4705EFADDED7}.Debug|x86.Build.0 = Debug|x86
		{7BB44F5B-BD22-4B59-A895-4705EFADDED7}.Release|x86.ActiveCfg = Release|x86
		{7BB44F5B-BD22-4B59-A895-4705EFADDED7}.Release|x86.Build.0 = Release|x86
	EndGlobalSection
	GlobalSection(SolutionProperties) = preSolution
		HideSolutionNode = FALSE
	EndGlobalSection
EndGlobal
